// !$*UTF8*$!
{
	archiveVersion = 1;
	classes = {
	};
	objectVersion = 46;
	objects = {

/* Begin PBXBuildFile section */
		727303641ECCC40A00FA53C3 /* AppDelegate.swift in Sources */ = {isa = PBXBuildFile; fileRef = 727303631ECCC40A00FA53C3 /* AppDelegate.swift */; };
		727303661ECCC40A00FA53C3 /* ViewController.swift in Sources */ = {isa = PBXBuildFile; fileRef = 727303651ECCC40A00FA53C3 /* ViewController.swift */; };
		727303691ECCC40A00FA53C3 /* Main.storyboard in Resources */ = {isa = PBXBuildFile; fileRef = 727303671ECCC40A00FA53C3 /* Main.storyboard */; };
		7273036B1ECCC40A00FA53C3 /* Assets.xcassets in Resources */ = {isa = PBXBuildFile; fileRef = 7273036A1ECCC40A00FA53C3 /* Assets.xcassets */; };
		7273036E1ECCC40A00FA53C3 /* LaunchScreen.storyboard in Resources */ = {isa = PBXBuildFile; fileRef = 7273036C1ECCC40A00FA53C3 /* LaunchScreen.storyboard */; };
		727303761ECCD25400FA53C3 /* pokemon.csv in Resources */ = {isa = PBXBuildFile; fileRef = 727303751ECCD25400FA53C3 /* pokemon.csv */; };
		727303791ECCD46200FA53C3 /* Pokemon.swift in Sources */ = {isa = PBXBuildFile; fileRef = 727303781ECCD46200FA53C3 /* Pokemon.swift */; };
		72CB4C521ECDE883006C361E /* PokeCell.swift in Sources */ = {isa = PBXBuildFile; fileRef = 72CB4C511ECDE883006C361E /* PokeCell.swift */; };
/* End PBXBuildFile section */

/* Begin PBXFileReference section */
		727303601ECCC40A00FA53C3 /* pokedex.app */ = {isa = PBXFileReference; explicitFileType = wrapper.application; includeInIndex = 0; path = pokedex.app; sourceTree = BUILT_PRODUCTS_DIR; };
		727303631ECCC40A00FA53C3 /* AppDelegate.swift */ = {isa = PBXFileReference; lastKnownFileType = sourcecode.swift; path = AppDelegate.swift; sourceTree = "<group>"; };
		727303651ECCC40A00FA53C3 /* ViewController.swift */ = {isa = PBXFileReference; lastKnownFileType = sourcecode.swift; path = ViewController.swift; sourceTree = "<group>"; };
		727303681ECCC40A00FA53C3 /* Base */ = {isa = PBXFileReference; lastKnownFileType = file.storyboard; name = Base; path = Base.lproj/Main.storyboard; sourceTree = "<group>"; };
		7273036A1ECCC40A00FA53C3 /* Assets.xcassets */ = {isa = PBXFileReference; lastKnownFileType = folder.assetcatalog; path = Assets.xcassets; sourceTree = "<group>"; };
		7273036D1ECCC40A00FA53C3 /* Base */ = {isa = PBXFileReference; lastKnownFileType = file.storyboard; name = Base; path = Base.lproj/LaunchScreen.storyboard; sourceTree = "<group>"; };
		7273036F1ECCC40A00FA53C3 /* Info.plist */ = {isa = PBXFileReference; lastKnownFileType = text.plist.xml; path = Info.plist; sourceTree = "<group>"; };
		727303751ECCD25400FA53C3 /* pokemon.csv */ = {isa = PBXFileReference; fileEncoding = 4; lastKnownFileType = text; path = pokemon.csv; sourceTree = "<group>"; };
		727303781ECCD46200FA53C3 /* Pokemon.swift */ = {isa = PBXFileReference; fileEncoding = 4; lastKnownFileType = sourcecode.swift; path = Pokemon.swift; sourceTree = "<group>"; };
		72CB4C511ECDE883006C361E /* PokeCell.swift */ = {isa = PBXFileReference; fileEncoding = 4; lastKnownFileType = sourcecode.swift; path = PokeCell.swift; sourceTree = "<group>"; };
/* End PBXFileReference section */

/* Begin PBXFrameworksBuildPhase section */
		7273035D1ECCC40A00FA53C3 /* Frameworks */ = {
			isa = PBXFrameworksBuildPhase;
			buildActionMask = 2147483647;
			files = (
			);
			runOnlyForDeploymentPostprocessing = 0;
		};
/* End PBXFrameworksBuildPhase section */

/* Begin PBXGroup section */
		727303571ECCC40A00FA53C3 = {
			isa = PBXGroup;
			children = (
				727303621ECCC40A00FA53C3 /* pokedex */,
				727303611ECCC40A00FA53C3 /* Products */,
			);
			sourceTree = "<group>";
		};
		727303611ECCC40A00FA53C3 /* Products */ = {
			isa = PBXGroup;
			children = (
				727303601ECCC40A00FA53C3 /* pokedex.app */,
			);
			name = Products;
			sourceTree = "<group>";
		};
		727303621ECCC40A00FA53C3 /* pokedex */ = {
			isa = PBXGroup;
			children = (
				72CB4C501ECDE856006C361E /* View */,
				727303771ECCD44D00FA53C3 /* Model */,
				727303631ECCC40A00FA53C3 /* AppDelegate.swift */,
				727303651ECCC40A00FA53C3 /* ViewController.swift */,
				727303671ECCC40A00FA53C3 /* Main.storyboard */,
				7273036A1ECCC40A00FA53C3 /* Assets.xcassets */,
				727303751ECCD25400FA53C3 /* pokemon.csv */,
				7273036C1ECCC40A00FA53C3 /* LaunchScreen.storyboard */,
				7273036F1ECCC40A00FA53C3 /* Info.plist */,
			);
			path = pokedex;
			sourceTree = "<group>";
		};
		727303771ECCD44D00FA53C3 /* Model */ = {
			isa = PBXGroup;
			children = (
				727303781ECCD46200FA53C3 /* Pokemon.swift */,
			);
			name = Model;
			sourceTree = "<group>";
		};
		72CB4C501ECDE856006C361E /* View */ = {
			isa = PBXGroup;
			children = (
				72CB4C511ECDE883006C361E /* PokeCell.swift */,
			);
			name = View;
			sourceTree = "<group>";
		};
/* End PBXGroup section */

/* Begin PBXNativeTarget section */
		7273035F1ECCC40A00FA53C3 /* pokedex */ = {
			isa = PBXNativeTarget;
			buildConfigurationList = 727303721ECCC40A00FA53C3 /* Build configuration list for PBXNativeTarget "pokedex" */;
			buildPhases = (
				7273035C1ECCC40A00FA53C3 /* Sources */,
				7273035D1ECCC40A00FA53C3 /* Frameworks */,
				7273035E1ECCC40A00FA53C3 /* Resources */,
			);
			buildRules = (
			);
			dependencies = (
			);
			name = pokedex;
			productName = pokedex;
			productReference = 727303601ECCC40A00FA53C3 /* pokedex.app */;
			productType = "com.apple.product-type.application";
		};
/* End PBXNativeTarget section */

/* Begin PBXProject section */
		727303581ECCC40A00FA53C3 /* Project object */ = {
			isa = PBXProject;
			attributes = {
				LastSwiftUpdateCheck = 0830;
				LastUpgradeCheck = 0830;
				ORGANIZATIONNAME = "Gustavo Colaco";
				TargetAttributes = {
					7273035F1ECCC40A00FA53C3 = {
						CreatedOnToolsVersion = 8.3.2;
						ProvisioningStyle = Automatic;
					};
				};
			};
			buildConfigurationList = 7273035B1ECCC40A00FA53C3 /* Build configuration list for PBXProject "pokedex" */;
			compatibilityVersion = "Xcode 3.2";
			developmentRegion = English;
			hasScannedForEncodings = 0;
			knownRegions = (
				en,
				Base,
			);
			mainGroup = 727303571ECCC40A00FA53C3;
			productRefGroup = 727303611ECCC40A00FA53C3 /* Products */;
			projectDirPath = "";
			projectRoot = "";
			targets = (
				7273035F1ECCC40A00FA53C3 /* pokedex */,
			);
		};
/* End PBXProject section */

/* Begin PBXResourcesBuildPhase section */
		7273035E1ECCC40A00FA53C3 /* Resources */ = {
			isa = PBXResourcesBuildPhase;
			buildActionMask = 2147483647;
			files = (
				7273036E1ECCC40A00FA53C3 /* LaunchScreen.storyboard in Resources */,
				7273036B1ECCC40A00FA53C3 /* Assets.xcassets in Resources */,
				727303761ECCD25400FA53C3 /* pokemon.csv in Resources */,
				727303691ECCC40A00FA53C3 /* Main.storyboard in Resources */,
			);
			runOnlyForDeploymentPostprocessing = 0;
		};
/* End PBXResourcesBuildPhase section */

/* Begin PBXSourcesBuildPhase section */
		7273035C1ECCC40A00FA53C3 /* Sources */ = {
			isa = PBXSourcesBuildPhase;
			buildActionMask = 2147483647;
			files = (
				72CB4C521ECDE883006C361E /* PokeCell.swift in Sources */,
				727303661ECCC40A00FA53C3 /* ViewController.swift in Sources */,
				727303641ECCC40A00FA53C3 /* AppDelegate.swift in Sources */,
				727303791ECCD46200FA53C3 /* Pokemon.swift in Sources */,
			);
			runOnlyForDeploymentPostprocessing = 0;
		};
/* End PBXSourcesBuildPhase section */

/* Begin PBXVariantGroup section */
		727303671ECCC40A00FA53C3 /* Main.storyboard */ = {
			isa = PBXVariantGroup;
			children = (
				727303681ECCC40A00FA53C3 /* Base */,
			);
			name = Main.storyboard;
			sourceTree = "<group>";
		};
		7273036C1ECCC40A00FA53C3 /* LaunchScreen.storyboard */ = {
			isa = PBXVariantGroup;
			children = (
				7273036D1ECCC40A00FA53C3 /* Base */,
			);
			name = LaunchScreen.storyboard;
			sourceTree = "<group>";
		};
/* End PBXVariantGroup section */

/* Begin XCBuildConfiguration section */
		727303701ECCC40A00FA53C3 /* Debug */ = {
			isa = XCBuildConfiguration;
			buildSettings = {
				ALWAYS_SEARCH_USER_PATHS = NO;
				CLANG_ANALYZER_NONNULL = YES;
				CLANG_ANALYZER_NUMBER_OBJECT_CONVERSION = YES_AGGRESSIVE;
				CLANG_CXX_LANGUAGE_STANDARD = "gnu++0x";
				CLANG_CXX_LIBRARY = "libc++";
				CLANG_ENABLE_MODULES = YES;
				CLANG_ENABLE_OBJC_ARC = YES;
				CLANG_WARN_BOOL_CONVERSION = YES;
				CLANG_WARN_CONSTANT_CONVERSION = YES;
				CLANG_WARN_DIRECT_OBJC_ISA_USAGE = YES_ERROR;
				CLANG_WARN_DOCUMENTATION_COMMENTS = YES;
				CLANG_WARN_EMPTY_BODY = YES;
				CLANG_WARN_ENUM_CONVERSION = YES;
				CLANG_WARN_INFINITE_RECURSION = YES;
				CLANG_WARN_INT_CONVERSION = YES;
				CLANG_WARN_OBJC_ROOT_CLASS = YES_ERROR;
				CLANG_WARN_SUSPICIOUS_MOVE = YES;
				CLANG_WARN_UNREACHABLE_CODE = YES;
				CLANG_WARN__DUPLICATE_METHOD_MATCH = YES;
				"CODE_SIGN_IDENTITY[sdk=iphoneos*]" = "iPhone Developer";
				COPY_PHASE_STRIP = NO;
				DEBUG_INFORMATION_FORMAT = dwarf;
				ENABLE_STRICT_OBJC_MSGSEND = YES;
				ENABLE_TESTABILITY = YES;
				GCC_C_LANGUAGE_STANDARD = gnu99;
				GCC_DYNAMIC_NO_PIC = NO;
				GCC_NO_COMMON_BLOCKS = YES;
				GCC_OPTIMIZATION_LEVEL = 0;
				GCC_PREPROCESSOR_DEFINITIONS = (
					"DEBUG=1",
					"$(inherited)",
				);
				GCC_WARN_64_TO_32_BIT_CONVERSION = YES;
				GCC_WARN_ABOUT_RETURN_TYPE = YES_ERROR;
				GCC_WARN_UNDECLARED_SELECTOR = YES;
				GCC_WARN_UNINITIALIZED_AUTOS = YES_AGGRESSIVE;
				GCC_WARN_UNUSED_FUNCTION = YES;
				GCC_WARN_UNUSED_VARIABLE = YES;
				IPHONEOS_DEPLOYMENT_TARGET = 10.3;
				MTL_ENABLE_DEBUG_INFO = YES;
				ONLY_ACTIVE_ARCH = YES;
				SDKROOT = iphoneos;
				SWIFT_ACTIVE_COMPILATION_CONDITIONS = DEBUG;
				SWIFT_OPTIMIZATION_LEVEL = "-Onone";
				TARGETED_DEVICE_FAMILY = "1,2";
			};
			name = Debug;
		};
		727303711ECCC40A00FA53C3 /* Release */ = {
			isa = XCBuildConfiguration;
			buildSettings = {
				ALWAYS_SEARCH_USER_PATHS = NO;
				CLANG_ANALYZER_NONNULL = YES;
				CLANG_ANALYZER_NUMBER_OBJECT_CONVERSION = YES_AGGRESSIVE;
				CLANG_CXX_LANGUAGE_STANDARD = "gnu++0x";
				CLANG_CXX_LIBRARY = "libc++";
				CLANG_ENABLE_MODULES = YES;
				CLANG_ENABLE_OBJC_ARC = YES;
				CLANG_WARN_BOOL_CONVERSION = YES;
				CLANG_WARN_CONSTANT_CONVERSION = YES;
				CLANG_WARN_DIRECT_OBJC_ISA_USAGE = YES_ERROR;
				CLANG_WARN_DOCUMENTATION_COMMENTS = YES;
				CLANG_WARN_EMPTY_BODY = YES;
				CLANG_WARN_ENUM_CONVERSION = YES;
				CLANG_WARN_INFINITE_RECURSION = YES;
				CLANG_WARN_INT_CONVERSION = YES;
				CLANG_WARN_OBJC_ROOT_CLASS = YES_ERROR;
				CLANG_WARN_SUSPICIOUS_MOVE = YES;
				CLANG_WARN_UNREACHABLE_CODE = YES;
				CLANG_WARN__DUPLICATE_METHOD_MATCH = YES;
				"CODE_SIGN_IDENTITY[sdk=iphoneos*]" = "iPhone Developer";
				COPY_PHASE_STRIP = NO;
				DEBUG_INFORMATION_FORMAT = "dwarf-with-dsym";
				ENABLE_NS_ASSERTIONS = NO;
				ENABLE_STRICT_OBJC_MSGSEND = YES;
				GCC_C_LANGUAGE_STANDARD = gnu99;
				GCC_NO_COMMON_BLOCKS = YES;
				GCC_WARN_64_TO_32_BIT_CONVERSION = YES;
				GCC_WARN_ABOUT_RETURN_TYPE = YES_ERROR;
				GCC_WARN_UNDECLARED_SELECTOR = YES;
				GCC_WARN_UNINITIALIZED_AUTOS = YES_AGGRESSIVE;
				GCC_WARN_UNUSED_FUNCTION = YES;
				GCC_WARN_UNUSED_VARIABLE = YES;
				IPHONEOS_DEPLOYMENT_TARGET = 10.3;
				MTL_ENABLE_DEBUG_INFO = NO;
				SDKROOT = iphoneos;
				SWIFT_OPTIMIZATION_LEVEL = "-Owholemodule";
				TARGETED_DEVICE_FAMILY = "1,2";
				VALIDATE_PRODUCT = YES;
			};
			name = Release;
		};
		727303731ECCC40A00FA53C3 /* Debug */ = {
			isa = XCBuildConfiguration;
			buildSettings = {
				ASSETCATALOG_COMPILER_APPICON_NAME = AppIcon;
				INFOPLIST_FILE = pokedex/Info.plist;
				LD_RUNPATH_SEARCH_PATHS = "$(inherited) @executable_path/Frameworks";
				PRODUCT_BUNDLE_IDENTIFIER = com.cursoios.pokedex;
				PRODUCT_NAME = "$(TARGET_NAME)";
				SWIFT_VERSION = 3.0;
			};
			name = Debug;
		};
		727303741ECCC40A00FA53C3 /* Release */ = {
			isa = XCBuildConfiguration;
			buildSettings = {
				ASSETCATALOG_COMPILER_APPICON_NAME = AppIcon;
				INFOPLIST_FILE = pokedex/Info.plist;
				LD_RUNPATH_SEARCH_PATHS = "$(inherited) @executable_path/Frameworks";
				PRODUCT_BUNDLE_IDENTIFIER = com.cursoios.pokedex;
				PRODUCT_NAME = "$(TARGET_NAME)";
				SWIFT_VERSION = 3.0;
			};
			name = Release;
		};
/* End XCBuildConfiguration section */

/* Begin XCConfigurationList section */
		7273035B1ECCC40A00FA53C3 /* Build configuration list for PBXProject "pokedex" */ = {
			isa = XCConfigurationList;
			buildConfigurations = (
				727303701ECCC40A00FA53C3 /* Debug */,
				727303711ECCC40A00FA53C3 /* Release */,
			);
			defaultConfigurationIsVisible = 0;
			defaultConfigurationName = Release;
		};
		727303721ECCC40A00FA53C3 /* Build configuration list for PBXNativeTarget "pokedex" */ = {
			isa = XCConfigurationList;
			buildConfigurations = (
				727303731ECCC40A00FA53C3 /* Debug */,
				727303741ECCC40A00FA53C3 /* Release */,
			);
			defaultConfigurationIsVisible = 0;
			defaultConfigurationName = Release;
		};
/* End XCConfigurationList section */
	};
	rootObject = 727303581ECCC40A00FA53C3 /* Project object */;
}
